
Microsoft Visual Studio Solution File, Format Version 12.00
# Visual Studio Version 16
VisualStudioVersion = 16.0.31624.102
MinimumVisualStudioVersion = 10.0.40219.1
Project("{9A19103F-16F7-4668-BE54-9A1E7A4F7556}") = "SlackBufferedLogger", "SlackBufferedLogger\SlackBufferedLogger.csproj", "{7BCD6584-4D4C-4611-89B8-EE603AC1B2B0}"
EndProject
Project("{2150E333-8FDC-42A3-9474-1A3956D46DE8}") = "Solution Items", "Solution Items", "{D191AFB2-C1A5-4448-ADBD-8329A2B51E11}"
	ProjectSection(SolutionItems) = preProject
		README.md = README.md
	EndProjectSection
EndProject
Project("{FAE04EC0-301F-11D3-BF4B-00C04F79EFBC}") = "SlackBufferedLogger.Tests", "SlackBufferedLogger.Tests\SlackBufferedLogger.Tests.csproj", "{BA3A763A-8C83-41E8-9115-46B066D13951}"
EndProject
Global
	GlobalSection(SolutionConfigurationPlatforms) = preSolution
		Debug|Any CPU = Debug|Any CPU
		Release|Any CPU = Release|Any CPU
	EndGlobalSection
	GlobalSection(ProjectConfigurationPlatforms) = postSolution
		{7BCD6584-4D4C-4611-89B8-EE603AC1B2B0}.Debug|Any CPU.ActiveCfg = Debug|Any CPU
		{7BCD6584-4D4C-4611-89B8-EE603AC1B2B0}.Debug|Any CPU.Build.0 = Debug|Any CPU
		{7BCD6584-4D4C-4611-89B8-EE603AC1B2B0}.Release|Any CPU.ActiveCfg = Release|Any CPU
		{7BCD6584-4D4C-4611-89B8-EE603AC1B2B0}.Release|Any CPU.Build.0 = Release|Any CPU
		{BA3A763A-8C83-41E8-9115-46B066D13951}.Debug|Any CPU.ActiveCfg = Debug|Any CPU
		{BA3A763A-8C83-41E8-9115-46B066D13951}.Debug|Any CPU.Build.0 = Debug|Any CPU
		{BA3A763A-8C83-41E8-9115-46B066D13951}.Release|Any CPU.ActiveCfg = Release|Any CPU
		{BA3A763A-8C83-41E8-9115-46B066D13951}.Release|Any CPU.Build.0 = Release|Any CPU
	EndGlobalSection
	GlobalSection(SolutionProperties) = preSolution
		HideSolutionNode = FALSE
	EndGlobalSection
	GlobalSection(ExtensibilityGlobals) = postSolution
		SolutionGuid = {78DCD7BB-E4EB-45CD-9395-B672FB421862}
	EndGlobalSection
EndGlobal
